
Microsoft Visual Studio Solution File, Format Version 12.00
# Visual Studio Version 17
VisualStudioVersion = 17.8.34330.188
MinimumVisualStudioVersion = 10.0.40219.1
Project("{FAE04EC0-301F-11D3-BF4B-00C04F79EFBC}") = "WpfApp1", "WpfApp1\WpfApp1.csproj", "{F1024322-0DD9-4D0A-8E7A-87D11EC72454}"
EndProject
Global
	GlobalSection(SolutionConfigurationPlatforms) = preSolution
		Debug|Any CPU = Debug|Any CPU
		Release|Any CPU = Release|Any CPU
	EndGlobalSection
	GlobalSection(ProjectConfigurationPlatforms) = postSolution
		{F1024322-0DD9-4D0A-8E7A-87D11EC72454}.Debug|Any CPU.ActiveCfg = Debug|Any CPU
		{F1024322-0DD9-4D0A-8E7A-87D11EC72454}.Debug|Any CPU.Build.0 = Debug|Any CPU
		{F1024322-0DD9-4D0A-8E7A-87D11EC72454}.Release|Any CPU.ActiveCfg = Release|Any CPU
		{F1024322-0DD9-4D0A-8E7A-87D11EC72454}.Release|Any CPU.Build.0 = Release|Any CPU
	EndGlobalSection
	GlobalSection(SolutionProperties) = preSolution
		HideSolutionNode = FALSE
	EndGlobalSection
	GlobalSection(ExtensibilityGlobals) = postSolution
		SolutionGuid = {0AF67DEB-14F6-4C56-B3E1-6CD7084D965B}
	EndGlobalSection
EndGlobal
